
Microsoft Visual Studio Solution File, Format Version 12.00
# Visual Studio Version 16
VisualStudioVersion = 16.0.30611.23
MinimumVisualStudioVersion = 10.0.40219.1
Project("{8BC9CEB8-8B4A-11D0-8D11-00A0C91BC942}") = "Program17_VariablesAndCopies", "Program17_VariablesAndCopies\Program17_VariablesAndCopies.vcxproj", "{9DCAF338-BAFE-49C3-9EBC-32697806FFA2}"
EndProject
Global
	GlobalSection(SolutionConfigurationPlatforms) = preSolution
		Debug|x64 = Debug|x64
		Debug|x86 = Debug|x86
		Release|x64 = Release|x64
		Release|x86 = Release|x86
	EndGlobalSection
	GlobalSection(ProjectConfigurationPlatforms) = postSolution
		{9DCAF338-BAFE-49C3-9EBC-32697806FFA2}.Debug|x64.ActiveCfg = Debug|x64
		{9DCAF338-BAFE-49C3-9EBC-32697806FFA2}.Debug|x64.Build.0 = Debug|x64
		{9DCAF338-BAFE-49C3-9EBC-32697806FFA2}.Debug|x86.ActiveCfg = Debug|Win32
		{9DCAF338-BAFE-49C3-9EBC-32697806FFA2}.Debug|x86.Build.0 = Debug|Win32
		{9DCAF338-BAFE-49C3-9EBC-32697806FFA2}.Release|x64.ActiveCfg = Release|x64
		{9DCAF338-BAFE-49C3-9EBC-32697806FFA2}.Release|x64.Build.0 = Release|x64
		{9DCAF338-BAFE-49C3-9EBC-32697806FFA2}.Release|x86.ActiveCfg = Release|Win32
		{9DCAF338-BAFE-49C3-9EBC-32697806FFA2}.Release|x86.Build.0 = Release|Win32
	EndGlobalSection
	GlobalSection(SolutionProperties) = preSolution
		HideSolutionNode = FALSE
	EndGlobalSection
	GlobalSection(ExtensibilityGlobals) = postSolution
		SolutionGuid = {5CD6AE30-A7D2-4BD7-8BFD-37E3E9FB0019}
	EndGlobalSection
EndGlobal
